
Microsoft Visual Studio Solution File, Format Version 12.00
# Visual Studio Version 16
VisualStudioVersion = 16.0.30406.217
MinimumVisualStudioVersion = 10.0.40219.1
Project("{FAE04EC0-301F-11D3-BF4B-00C04F79EFBC}") = "Lab4_3_AspNetCoreMVC_BlindDating", "Lab4_3_AspNetCoreMVC_BlindDating.csproj", "{41B9112C-DF6E-406B-89FB-FAB30F7EBE4B}"
EndProject
Global
	GlobalSection(SolutionConfigurationPlatforms) = preSolution
		Debug|Any CPU = Debug|Any CPU
		Release|Any CPU = Release|Any CPU
	EndGlobalSection
	GlobalSection(ProjectConfigurationPlatforms) = postSolution
		{41B9112C-DF6E-406B-89FB-FAB30F7EBE4B}.Debug|Any CPU.ActiveCfg = Debug|Any CPU
		{41B9112C-DF6E-406B-89FB-FAB30F7EBE4B}.Debug|Any CPU.Build.0 = Debug|Any CPU
		{41B9112C-DF6E-406B-89FB-FAB30F7EBE4B}.Release|Any CPU.ActiveCfg = Release|Any CPU
		{41B9112C-DF6E-406B-89FB-FAB30F7EBE4B}.Release|Any CPU.Build.0 = Release|Any CPU
	EndGlobalSection
	GlobalSection(SolutionProperties) = preSolution
		HideSolutionNode = FALSE
	EndGlobalSection
	GlobalSection(ExtensibilityGlobals) = postSolution
		SolutionGuid = {232EB85E-C5BE-4D7C-A7F8-2DC3A06C7D55}
	EndGlobalSection
EndGlobal
